
Microsoft Visual Studio Solution File, Format Version 12.00
# Visual Studio Version 17
VisualStudioVersion = 17.8.34931.61
MinimumVisualStudioVersion = 10.0.40219.1
Project("{FAE04EC0-301F-11D3-BF4B-00C04F79EFBC}") = "UdpTest", "UdpTest\UdpTest.csproj", "{536A6A62-4E18-45B8-9D80-1D95D9554F65}"
EndProject
Global
	GlobalSection(SolutionConfigurationPlatforms) = preSolution
		Debug|Any CPU = Debug|Any CPU
		Release|Any CPU = Release|Any CPU
	EndGlobalSection
	GlobalSection(ProjectConfigurationPlatforms) = postSolution
		{536A6A62-4E18-45B8-9D80-1D95D9554F65}.Debug|Any CPU.ActiveCfg = Debug|Any CPU
		{536A6A62-4E18-45B8-9D80-1D95D9554F65}.Debug|Any CPU.Build.0 = Debug|Any CPU
		{536A6A62-4E18-45B8-9D80-1D95D9554F65}.Release|Any CPU.ActiveCfg = Release|Any CPU
		{536A6A62-4E18-45B8-9D80-1D95D9554F65}.Release|Any CPU.Build.0 = Release|Any CPU
	EndGlobalSection
	GlobalSection(SolutionProperties) = preSolution
		HideSolutionNode = FALSE
	EndGlobalSection
	GlobalSection(ExtensibilityGlobals) = postSolution
		SolutionGuid = {BBC90916-278C-4967-ABB6-83BB3471AAFA}
	EndGlobalSection
EndGlobal
